
Microsoft Visual Studio Solution File, Format Version 12.00
# Visual Studio Version 17
VisualStudioVersion = 17.14.36109.1
MinimumVisualStudioVersion = 10.0.40219.1
Project("{2150E333-8FDC-42A3-9474-1A3956D46DE8}") = "Example", "Example", "{02EA681E-C7D8-13C7-8484-4AC65E1B71E8}"
EndProject
Project("{2150E333-8FDC-42A3-9474-1A3956D46DE8}") = "SeerAgendD", "SeerAgendD", "{37F92855-E84D-4149-A116-D9F8CDC7C3F2}"
EndProject
Project("{FAE04EC0-301F-11D3-BF4B-00C04F79EFBC}") = "SeerAgendD.Console.Example", "SeerAgendD.Console.Example\SeerAgendD.Console.Example.csproj", "{6D98339D-078C-41F0-E8FD-2F8862DB4FBC}"
EndProject
Project("{FAE04EC0-301F-11D3-BF4B-00C04F79EFBC}") = "SeerAgentD.Console", "SeerAgentD.Console\SeerAgentD.Console.csproj", "{54980BBE-3F21-01FB-4C33-AC960287F208}"
EndProject
Global
	GlobalSection(SolutionConfigurationPlatforms) = preSolution
		Debug|Any CPU = Debug|Any CPU
		Release|Any CPU = Release|Any CPU
	EndGlobalSection
	GlobalSection(ProjectConfigurationPlatforms) = postSolution
		{6D98339D-078C-41F0-E8FD-2F8862DB4FBC}.Debug|Any CPU.ActiveCfg = Debug|Any CPU
		{6D98339D-078C-41F0-E8FD-2F8862DB4FBC}.Debug|Any CPU.Build.0 = Debug|Any CPU
		{6D98339D-078C-41F0-E8FD-2F8862DB4FBC}.Release|Any CPU.ActiveCfg = Release|Any CPU
		{6D98339D-078C-41F0-E8FD-2F8862DB4FBC}.Release|Any CPU.Build.0 = Release|Any CPU
		{54980BBE-3F21-01FB-4C33-AC960287F208}.Debug|Any CPU.ActiveCfg = Debug|Any CPU
		{54980BBE-3F21-01FB-4C33-AC960287F208}.Debug|Any CPU.Build.0 = Debug|Any CPU
		{54980BBE-3F21-01FB-4C33-AC960287F208}.Release|Any CPU.ActiveCfg = Release|Any CPU
		{54980BBE-3F21-01FB-4C33-AC960287F208}.Release|Any CPU.Build.0 = Release|Any CPU
	EndGlobalSection
	GlobalSection(SolutionProperties) = preSolution
		HideSolutionNode = FALSE
	EndGlobalSection
	GlobalSection(NestedProjects) = preSolution
		{6D98339D-078C-41F0-E8FD-2F8862DB4FBC} = {02EA681E-C7D8-13C7-8484-4AC65E1B71E8}
		{54980BBE-3F21-01FB-4C33-AC960287F208} = {37F92855-E84D-4149-A116-D9F8CDC7C3F2}
	EndGlobalSection
	GlobalSection(ExtensibilityGlobals) = postSolution
		SolutionGuid = {2078EB33-3802-43FD-9816-C05F44B8E90B}
	EndGlobalSection
EndGlobal
